
Microsoft Visual Studio Solution File, Format Version 12.00
# Visual Studio 15
VisualStudioVersion = 15.0.27130.0
MinimumVisualStudioVersion = 10.0.40219.1
Project("{FAE04EC0-301F-11D3-BF4B-00C04F79EFBC}") = "CopyrightHeader", "CopyrightHeader\CopyrightHeader.csproj", "{E7B74C2E-C0C0-40C1-BFEC-9F8E11BA6050}"
EndProject
Project("{FAE04EC0-301F-11D3-BF4B-00C04F79EFBC}") = "CopyrightHeaderTest", "CopyrightHeaderTest\CopyrightHeaderTest.csproj", "{A38790A3-CA45-429A-93D4-EA1A52E43941}"
EndProject
Project("{FAE04EC0-301F-11D3-BF4B-00C04F79EFBC}") = "CopyrightHeaderExtension", "CopyrightHeaderExtension\CopyrightHeaderExtension.csproj", "{4864DC76-AB05-4201-B2A1-BD676D76A187}"
EndProject
Global
	GlobalSection(SolutionConfigurationPlatforms) = preSolution
		Debug|Any CPU = Debug|Any CPU
		Release|Any CPU = Release|Any CPU
	EndGlobalSection
	GlobalSection(ProjectConfigurationPlatforms) = postSolution
		{E7B74C2E-C0C0-40C1-BFEC-9F8E11BA6050}.Debug|Any CPU.ActiveCfg = Debug|Any CPU
		{E7B74C2E-C0C0-40C1-BFEC-9F8E11BA6050}.Debug|Any CPU.Build.0 = Debug|Any CPU
		{E7B74C2E-C0C0-40C1-BFEC-9F8E11BA6050}.Release|Any CPU.ActiveCfg = Release|Any CPU
		{E7B74C2E-C0C0-40C1-BFEC-9F8E11BA6050}.Release|Any CPU.Build.0 = Release|Any CPU
		{A38790A3-CA45-429A-93D4-EA1A52E43941}.Debug|Any CPU.ActiveCfg = Debug|Any CPU
		{A38790A3-CA45-429A-93D4-EA1A52E43941}.Debug|Any CPU.Build.0 = Debug|Any CPU
		{A38790A3-CA45-429A-93D4-EA1A52E43941}.Release|Any CPU.ActiveCfg = Release|Any CPU
		{A38790A3-CA45-429A-93D4-EA1A52E43941}.Release|Any CPU.Build.0 = Release|Any CPU
		{4864DC76-AB05-4201-B2A1-BD676D76A187}.Debug|Any CPU.ActiveCfg = Debug|Any CPU
		{4864DC76-AB05-4201-B2A1-BD676D76A187}.Debug|Any CPU.Build.0 = Debug|Any CPU
		{4864DC76-AB05-4201-B2A1-BD676D76A187}.Release|Any CPU.ActiveCfg = Release|Any CPU
		{4864DC76-AB05-4201-B2A1-BD676D76A187}.Release|Any CPU.Build.0 = Release|Any CPU
	EndGlobalSection
	GlobalSection(SolutionProperties) = preSolution
		HideSolutionNode = FALSE
	EndGlobalSection
	GlobalSection(ExtensibilityGlobals) = postSolution
		SolutionGuid = {25F84A24-90FC-495B-806E-CE088D6FF90A}
	EndGlobalSection
EndGlobal
